
Microsoft Visual Studio Solution File, Format Version 12.00
# Visual Studio Version 17
VisualStudioVersion = 17.0.32014.148
MinimumVisualStudioVersion = 10.0.40219.1
Project("{9A19103F-16F7-4668-BE54-9A1E7A4F7556}") = "P01-FirstApp", "P01-FirstApp\P01-FirstApp.csproj", "{94016981-2576-4F96-A466-6CC4E2691314}"
EndProject
Project("{9A19103F-16F7-4668-BE54-9A1E7A4F7556}") = "P02-Objects", "P02-Objects\P02-Objects.csproj", "{515C72F9-C22B-4109-BBD9-68053974B561}"
EndProject
Project("{FAE04EC0-301F-11D3-BF4B-00C04F79EFBC}") = "P03-Methods", "P03-Methods\P03-Methods.csproj", "{8419EA7D-ADD6-449E-A24D-E8E1D16412EA}"
EndProject
Project("{FAE04EC0-301F-11D3-BF4B-00C04F79EFBC}") = "P04-Static", "P04-Static\P04-Static.csproj", "{BAE1B319-21BF-4F92-BD37-14D0893DD682}"
EndProject
Project("{FAE04EC0-301F-11D3-BF4B-00C04F79EFBC}") = "P05-Properties", "P05-Properties\P05-Properties.csproj", "{3E6733F8-AEA8-46C6-9811-49E1BF10A983}"
EndProject
Global
	GlobalSection(SolutionConfigurationPlatforms) = preSolution
		Debug|Any CPU = Debug|Any CPU
		Release|Any CPU = Release|Any CPU
	EndGlobalSection
	GlobalSection(ProjectConfigurationPlatforms) = postSolution
		{94016981-2576-4F96-A466-6CC4E2691314}.Debug|Any CPU.ActiveCfg = Debug|Any CPU
		{94016981-2576-4F96-A466-6CC4E2691314}.Debug|Any CPU.Build.0 = Debug|Any CPU
		{94016981-2576-4F96-A466-6CC4E2691314}.Release|Any CPU.ActiveCfg = Release|Any CPU
		{94016981-2576-4F96-A466-6CC4E2691314}.Release|Any CPU.Build.0 = Release|Any CPU
		{515C72F9-C22B-4109-BBD9-68053974B561}.Debug|Any CPU.ActiveCfg = Debug|Any CPU
		{515C72F9-C22B-4109-BBD9-68053974B561}.Debug|Any CPU.Build.0 = Debug|Any CPU
		{515C72F9-C22B-4109-BBD9-68053974B561}.Release|Any CPU.ActiveCfg = Release|Any CPU
		{515C72F9-C22B-4109-BBD9-68053974B561}.Release|Any CPU.Build.0 = Release|Any CPU
		{8419EA7D-ADD6-449E-A24D-E8E1D16412EA}.Debug|Any CPU.ActiveCfg = Debug|Any CPU
		{8419EA7D-ADD6-449E-A24D-E8E1D16412EA}.Debug|Any CPU.Build.0 = Debug|Any CPU
		{8419EA7D-ADD6-449E-A24D-E8E1D16412EA}.Release|Any CPU.ActiveCfg = Release|Any CPU
		{8419EA7D-ADD6-449E-A24D-E8E1D16412EA}.Release|Any CPU.Build.0 = Release|Any CPU
		{BAE1B319-21BF-4F92-BD37-14D0893DD682}.Debug|Any CPU.ActiveCfg = Debug|Any CPU
		{BAE1B319-21BF-4F92-BD37-14D0893DD682}.Debug|Any CPU.Build.0 = Debug|Any CPU
		{BAE1B319-21BF-4F92-BD37-14D0893DD682}.Release|Any CPU.ActiveCfg = Release|Any CPU
		{BAE1B319-21BF-4F92-BD37-14D0893DD682}.Release|Any CPU.Build.0 = Release|Any CPU
		{3E6733F8-AEA8-46C6-9811-49E1BF10A983}.Debug|Any CPU.ActiveCfg = Debug|Any CPU
		{3E6733F8-AEA8-46C6-9811-49E1BF10A983}.Debug|Any CPU.Build.0 = Debug|Any CPU
		{3E6733F8-AEA8-46C6-9811-49E1BF10A983}.Release|Any CPU.ActiveCfg = Release|Any CPU
		{3E6733F8-AEA8-46C6-9811-49E1BF10A983}.Release|Any CPU.Build.0 = Release|Any CPU
	EndGlobalSection
	GlobalSection(SolutionProperties) = preSolution
		HideSolutionNode = FALSE
	EndGlobalSection
	GlobalSection(ExtensibilityGlobals) = postSolution
		SolutionGuid = {B168B4A5-6F1B-4A78-9A8F-092D1CD78129}
	EndGlobalSection
EndGlobal
